lockfileVersion: "9.0"

settings:
  autoInstallPeers: true
  excludeLinksFromLockfile: false

importers:
  .:
    dependencies:
      "@types/cli-progress":
        specifier: ^3.8.0
        version: 3.11.5
      "@types/cli-spinner":
        specifier: ^0.2.0
        version: 0.2.3
      "@types/glob":
        specifier: ^8.0.0
        version: 8.1.0
      "@types/lodash":
        specifier: ^4.14.161
        version: 4.17.6
      "@types/mime-types":
        specifier: ^2.1.0
        version: 2.1.4
      "@types/mkdirp":
        specifier: ^1.0.1
        version: 1.0.2
      chalk:
        specifier: ^4.1.0
        version: 4.1.2
      cli-progress:
        specifier: ^3.8.2
        version: 3.12.0
      cli-spinner:
        specifier: ^0.2.6
        version: 0.2.10
      glob:
        specifier: ^7.1.6
        version: 7.2.3
      lodash:
        specifier: ^4.17.20
        version: 4.17.21
      mime-types:
        specifier: ^2.1.27
        version: 2.1.35
      mkdirp:
        specifier: ^1.0.4
        version: 1.0.4
    devDependencies:
      reg-suit-interface:
        specifier: ^0.14.2
        version: 0.14.2
      typescript:
        specifier: ^4.5.2
        version: 4.5.2

packages:
  "@types/cli-progress@3.11.5":
    resolution:
      { integrity: sha512-D4PbNRbviKyppS5ivBGyFO29POlySLmA2HyUFE4p5QGazAMM3CwkKWcvTl8gvElSuxRh6FPKL8XmidX873ou4g== }

  "@types/cli-spinner@0.2.3":
    resolution:
      { integrity: sha512-TMO6mWltW0lCu1de8DMRq9+59OP/tEjghS+rs8ZEQ2EgYP5yV3bGw0tS14TMyJGqFaoVChNvhkVzv9RC1UgX+w== }

  "@types/glob@8.1.0":
    resolution:
      { integrity: sha512-IO+MJPVhoqz+28h1qLAcBEH2+xHMK6MTyHJc7MTnnYb6wsoLR29POVGJ7LycmVXIqyy/4/2ShP5sUwTXuOwb/w== }

  "@types/inquirer@8.2.10":
    resolution:
      { integrity: sha512-IdD5NmHyVjWM8SHWo/kPBgtzXatwPkfwzyP3fN1jF2g9BWt5WO+8hL2F4o2GKIYsU40PpqeevuUWvkS/roXJkA== }

  "@types/lodash@4.17.6":
    resolution:
      { integrity: sha512-OpXEVoCKSS3lQqjx9GGGOapBeuW5eUboYHRlHP9urXPX25IKZ6AnP5ZRxtVf63iieUbsHxLn8NQ5Nlftc6yzAA== }

  "@types/mime-types@2.1.4":
    resolution:
      { integrity: sha512-lfU4b34HOri+kAY5UheuFMWPDOI+OPceBSHZKp69gEyTL/mmJ4cnU6Y/rlme3UL3GyOn6Y42hyIEw0/q8sWx5w== }

  "@types/minimatch@5.1.2":
    resolution:
      { integrity: sha512-K0VQKziLUWkVKiRVrx4a40iPaxTUefQmjtkQofBkYRcoaaL/8rhwDWww9qWbrgicNOgnpIsMxyNIUM4+n6dUIA== }

  "@types/mkdirp@1.0.2":
    resolution:
      { integrity: sha512-o0K1tSO0Dx5X6xlU5F1D6625FawhC3dU3iqr25lluNv/+/QIVH8RLNEiVokgIZo+mz+87w/3Mkg/VvQS+J51fQ== }

  "@types/node@20.14.9":
    resolution:
      { integrity: sha512-06OCtnTXtWOZBJlRApleWndH4JsRVs1pDCc8dLSQp+7PpUpX3ePdHyeNSFTeSe7FtKyQkrlPvHwJOW3SLd8Oyg== }

  "@types/through@0.0.33":
    resolution:
      { integrity: sha512-HsJ+z3QuETzP3cswwtzt2vEIiHBk/dCcHGhbmG5X3ecnwFD/lPrMpliGXxSCg03L9AhrdwA4Oz/qfspkDW+xGQ== }

  ansi-regex@5.0.1:
    resolution:
      { integrity: sha512-quJQXlTSUGL2LH9SUXo8VwsY4soanhgo6LNSm84E1LBcE8s3O0wpdiRzyR9z/ZZJMlMWv37qOOb9pdJlMUEKFQ== }
    engines: { node: ">=8" }

  ansi-styles@4.3.0:
    resolution:
      { integrity: sha512-zbB9rCJAT1rbjiVDb2hqKFHNYLxgtk8NURxZ3IZwD3F6NtxbXZQCnnSi1Lkx+IDohdPlFp222wVALIheZJQSEg== }
    engines: { node: ">=8" }

  balanced-match@1.0.2:
    resolution:
      { integrity: sha512-3oSeUO0TMV67hN1AmbXsK4yaqU7tjiHlbxRDZOpH0KW9+CeX4bRAaX0Anxt0tx2MrpRpWwQaPwIlISEJhYU5Pw== }

  brace-expansion@1.1.11:
    resolution:
      { integrity: sha512-iCuPHDFgrHX7H2vEI/5xpz07zSHB00TpugqhmYtVmMO6518mCuRMoOYFldEBl0g187ufozdaHgWKcYFb61qGiA== }

  chalk@4.1.2:
    resolution:
      { integrity: sha512-oKnbhFyRIXpUuez8iBMmyEa4nbj4IOQyuhc/wy9kY7/WVPcwIO9VA668Pu8RkO7+0G76SLROeyw9CpQ061i4mA== }
    engines: { node: ">=10" }

  cli-progress@3.12.0:
    resolution:
      { integrity: sha512-tRkV3HJ1ASwm19THiiLIXLO7Im7wlTuKnvkYaTkyoAPefqjNg7W7DHKUlGRxy9vxDvbyCYQkQozvptuMkGCg8A== }
    engines: { node: ">=4" }

  cli-spinner@0.2.10:
    resolution:
      { integrity: sha512-U0sSQ+JJvSLi1pAYuJykwiA8Dsr15uHEy85iCJ6A+0DjVxivr3d+N2Wjvodeg89uP5K6TswFkKBfAD7B3YSn/Q== }
    engines: { node: ">=0.10" }

  color-convert@2.0.1:
    resolution:
      { integrity: sha512-RRECPsj7iu/xb5oKYcsFHSppFNnsj/52OVTRKb4zP5onXwVF3zVmmToNcOfGC+CRDpfK/U584fMg38ZHCaElKQ== }
    engines: { node: ">=7.0.0" }

  color-name@1.1.4:
    resolution:
      { integrity: sha512-dOy+3AuW3a2wNbZHIuMZpTcgjGuLU/uBL/ubcZF9OXbDo8ff4O8yVp5Bf0efS8uEoYo5q4Fx7dY9OgQGXgAsQA== }

  concat-map@0.0.1:
    resolution:
      { integrity: sha512-/Srv4dswyQNBfohGpz9o6Yb3Gz3SrUDqBH5rTuhGR7ahtlbYKnVxw2bCFMRljaA7EXHaXZ8wsHdodFvbkhKmqg== }

  emoji-regex@8.0.0:
    resolution:
      { integrity: sha512-MSjYzcWNOA0ewAHpz0MxpYFvwg6yjy1NG3xteoqz644VCo/RPgnr1/GGt+ic3iJTzQ8Eu3TdM14SawnVUmGE6A== }

  fs.realpath@1.0.0:
    resolution:
      { integrity: sha512-OO0pH2lK6a0hZnAdau5ItzHPI6pUlvI7jMVnxUQRtw4owF2wk8lOSabtGDCTP4Ggrg2MbGnWO9X8K1t4+fGMDw== }

  glob@7.2.3:
    resolution:
      { integrity: sha512-nFR0zLpU2YCaRxwoCJvL6UvCH2JFyFVIvwTLsIf21AuHlMskA1hhTdk+LlYJtOlYt9v6dvszD2BGRqBL+iQK9Q== }
    deprecated: Glob versions prior to v9 are no longer supported

  has-flag@4.0.0:
    resolution:
      { integrity: sha512-EykJT/Q1KjTWctppgIAgfSO0tKVuZUjhgMr17kqTumMl6Afv3EISleU7qZUzoXDFTAHTDC4NOoG/ZxU3EvlMPQ== }
    engines: { node: ">=8" }

  inflight@1.0.6:
    resolution:
      { integrity: sha512-k92I/b08q4wvFscXCLvqfsHCrjrF7yiXsQuIVvVE7N82W3+aqpzuUdBbfhWcy/FZR3/4IgflMgKLOsvPDrGCJA== }
    deprecated: This module is not supported, and leaks memory. Do not use it. Check out lru-cache if you want a good and tested way to coalesce async requests by a key value, which is much more comprehensive and powerful.

  inherits@2.0.4:
    resolution:
      { integrity: sha512-k/vGaX4/Yla3WzyMCvTQOXYeIHvqOKtnqBduzTHpzpQZzAskKMhZ2K+EnBiSM9zGSoIFeMpXKxa4dYeZIQqewQ== }

  is-fullwidth-code-point@3.0.0:
    resolution:
      { integrity: sha512-zymm5+u+sCsSWyD9qNaejV3DFvhCKclKdizYaJUuHA83RLjb7nSuGnddCHGv0hk+KY7BMAlsWeK4Ueg6EV6XQg== }
    engines: { node: ">=8" }

  lodash@4.17.21:
    resolution:
      { integrity: sha512-v2kDEe57lecTulaDIuNTPy3Ry4gLGJ6Z1O3vE1krgXZNrsQ+LFTGHVxVjcXPs17LhbZVGedAJv8XZ1tvj5FvSg== }

  mime-db@1.52.0:
    resolution:
      { integrity: sha512-sPU4uV7dYlvtWJxwwxHD0PuihVNiE7TyAbQ5SWxDCB9mUYvOgroQOwYQQOKPJ8CIbE+1ETVlOoK1UC2nU3gYvg== }
    engines: { node: ">= 0.6" }

  mime-types@2.1.35:
    resolution:
      { integrity: sha512-ZDY+bPm5zTTF+YpCrAU9nK0UgICYPT0QtT1NZWFv4s++TNkcgVaT0g6+4R2uI4MjQjzysHB1zxuWL50hzaeXiw== }
    engines: { node: ">= 0.6" }

  minimatch@3.1.2:
    resolution:
      { integrity: sha512-J7p63hRiAjw1NDEww1W7i37+ByIrOWO5XQQAzZ3VOcL0PNybwpfmV/N05zFAzwQ9USyEcX6t3UO+K5aqBQOIHw== }

  mkdirp@1.0.4:
    resolution:
      { integrity: sha512-vVqVZQyf3WLx2Shd0qJ9xuvqgAyKPLAiqITEtqW0oIUjzo3PePDd6fW9iFz30ef7Ysp/oiWqbhszeGWW2T6Gzw== }
    engines: { node: ">=10" }
    hasBin: true

  once@1.4.0:
    resolution:
      { integrity: sha512-lNaJgI+2Q5URQBkccEKHTQOPaXdUxnZZElQTZY0MFUAuaEqe1E+Nyvgdz/aIyNi6Z9MzO5dv1H8n58/GELp3+w== }

  path-is-absolute@1.0.1:
    resolution:
      { integrity: sha512-AVbw3UJ2e9bq64vSaS9Am0fje1Pa8pbGqTTsmXfaIiMpnr5DlDhfJOuLj9Sf95ZPVDAUerDfEk88MPmPe7UCQg== }
    engines: { node: ">=0.10.0" }

  reg-suit-interface@0.14.2:
    resolution:
      { integrity: sha512-Kgu0SsckdEa95ockolvqJGRiQ1lVfJYUJ2jGSnMBjm7tkIk4sQUiLSL9x2fzrOQS70fFb6uvlNZBdfcnl6FzTg== }

  rxjs@7.8.1:
    resolution:
      { integrity: sha512-AA3TVj+0A2iuIoQkWEK/tqFjBq2j+6PO6Y0zJcvzLAFhEFIO3HL0vls9hWLncZbAAbK0mar7oZ4V079I/qPMxg== }

  string-width@4.2.3:
    resolution:
      { integrity: sha512-wKyQRQpjJ0sIp62ErSZdGsjMJWsap5oRNihHhu6G7JVO/9jIB6UyevL+tXuOqrng8j/cxKTWyWUwvSTriiZz/g== }
    engines: { node: ">=8" }

  strip-ansi@6.0.1:
    resolution:
      { integrity: sha512-Y38VPSHcqkFrCpFnQ9vuSXmquuv5oXOKpGeT6aGrr3o3Gc9AlVa6JBfUSOCnbxGGZF+/0ooI7KrPuUSztUdU5A== }
    engines: { node: ">=8" }

  supports-color@7.2.0:
    resolution:
      { integrity: sha512-qpCAvRl9stuOHveKsn7HncJRvv501qIacKzQlO/+Lwxc9+0q2wLyv4Dfvt80/DPn2pqOBsJdDiogXGR9+OvwRw== }
    engines: { node: ">=8" }

  tslib@2.6.3:
    resolution:
      { integrity: sha512-xNvxJEOUiWPGhUuUdQgAJPKOOJfGnIyKySOc09XkKsgdUV/3E2zvwZYdejjmRgPCgcym1juLH3226yA7sEFJKQ== }

  typescript@4.5.2:
    resolution:
      { integrity: sha512-5BlMof9H1yGt0P8/WF+wPNw6GfctgGjXp5hkblpyT+8rkASSmkUKMXrxR0Xg8ThVCi/JnHQiKXeBaEwCeQwMFw== }
    engines: { node: ">=4.2.0" }
    hasBin: true

  undici-types@5.26.5:
    resolution:
      { integrity: sha512-JlCMO+ehdEIKqlFxk6IfVoAUVmgz7cU7zD/h9XZ0qzeosSHmUJVOzSQvvYSYWXkFXC+IfLKSIffhv0sVZup6pA== }

  wrappy@1.0.2:
    resolution:
      { integrity: sha512-l4Sp/DRseor9wL6EvV2+TuQn63dMkPjZ/sp9XkghTEbV9KlPS1xUsZ3u7/IQO4wxtcFB4bgpQPRcR3QCvezPcQ== }

snapshots:
  "@types/cli-progress@3.11.5":
    dependencies:
      "@types/node": 20.14.9

  "@types/cli-spinner@0.2.3":
    dependencies:
      "@types/node": 20.14.9

  "@types/glob@8.1.0":
    dependencies:
      "@types/minimatch": 5.1.2
      "@types/node": 20.14.9

  "@types/inquirer@8.2.10":
    dependencies:
      "@types/through": 0.0.33
      rxjs: 7.8.1

  "@types/lodash@4.17.6": {}

  "@types/mime-types@2.1.4": {}

  "@types/minimatch@5.1.2": {}

  "@types/mkdirp@1.0.2":
    dependencies:
      "@types/node": 20.14.9

  "@types/node@20.14.9":
    dependencies:
      undici-types: 5.26.5

  "@types/through@0.0.33":
    dependencies:
      "@types/node": 20.14.9

  ansi-regex@5.0.1: {}

  ansi-styles@4.3.0:
    dependencies:
      color-convert: 2.0.1

  balanced-match@1.0.2: {}

  brace-expansion@1.1.11:
    dependencies:
      balanced-match: 1.0.2
      concat-map: 0.0.1

  chalk@4.1.2:
    dependencies:
      ansi-styles: 4.3.0
      supports-color: 7.2.0

  cli-progress@3.12.0:
    dependencies:
      string-width: 4.2.3

  cli-spinner@0.2.10: {}

  color-convert@2.0.1:
    dependencies:
      color-name: 1.1.4

  color-name@1.1.4: {}

  concat-map@0.0.1: {}

  emoji-regex@8.0.0: {}

  fs.realpath@1.0.0: {}

  glob@7.2.3:
    dependencies:
      fs.realpath: 1.0.0
      inflight: 1.0.6
      inherits: 2.0.4
      minimatch: 3.1.2
      once: 1.4.0
      path-is-absolute: 1.0.1

  has-flag@4.0.0: {}

  inflight@1.0.6:
    dependencies:
      once: 1.4.0
      wrappy: 1.0.2

  inherits@2.0.4: {}

  is-fullwidth-code-point@3.0.0: {}

  lodash@4.17.21: {}

  mime-db@1.52.0: {}

  mime-types@2.1.35:
    dependencies:
      mime-db: 1.52.0

  minimatch@3.1.2:
    dependencies:
      brace-expansion: 1.1.11

  mkdirp@1.0.4: {}

  once@1.4.0:
    dependencies:
      wrappy: 1.0.2

  path-is-absolute@1.0.1: {}

  reg-suit-interface@0.14.2:
    dependencies:
      "@types/inquirer": 8.2.10

  rxjs@7.8.1:
    dependencies:
      tslib: 2.6.3

  string-width@4.2.3:
    dependencies:
      emoji-regex: 8.0.0
      is-fullwidth-code-point: 3.0.0
      strip-ansi: 6.0.1

  strip-ansi@6.0.1:
    dependencies:
      ansi-regex: 5.0.1

  supports-color@7.2.0:
    dependencies:
      has-flag: 4.0.0

  tslib@2.6.3: {}

  typescript@4.5.2: {}

  undici-types@5.26.5: {}

  wrappy@1.0.2: {}
